{
  "requires": true,
  "lockfileVersion": 1,
  "dependencies": {
    "blingblingjs": {
      "version": "2.1.1",
      "resolved": "https://registry.npmjs.org/blingblingjs/-/blingblingjs-2.1.1.tgz",
      "integrity": "sha512-2fJxro3RSX+1T4LMJqIQfjTU+iM8WtibMF2zLIAikQ8jDa4n3eXqlmAV7ms6b7ltfmGUZP2O7EDSliKr+m8S2Q=="
    }
  }
}
