{
  "requires": true,
  "lockfileVersion": 1,
  "dependencies": {
    "dayjs": {
      "version": "1.9.6",
      "resolved": "https://registry.npmjs.org/dayjs/-/dayjs-1.9.6.tgz",
      "integrity": "sha512-HngNLtPEBWRo8EFVmHFmSXAjtCX8rGNqeXQI0Gh7wCTSqwaKgPIDqu9m07wABVopNwzvOeCb+2711vQhDlcIXw=="
    }
  }
}
